
Microsoft Visual Studio Solution File, Format Version 12.00
# Visual Studio 15
VisualStudioVersion = 15.0.28307.136
MinimumVisualStudioVersion = 10.0.40219.1
Project("{FAE04EC0-301F-11D3-BF4B-00C04F79EFBC}") = "CloudHub", "CloudHub\CloudHub.csproj", "{1C9BA0E1-560C-4821-96EA-7D3895A2B178}"
EndProject
Project("{FAE04EC0-301F-11D3-BF4B-00C04F79EFBC}") = "Common", "Common\Common.csproj", "{EB79F903-DF87-47B0-AB45-EB1272F464B1}"
EndProject
Project("{FAE04EC0-301F-11D3-BF4B-00C04F79EFBC}") = "I9Test", "I9Test\I9Test.csproj", "{5A8069EB-FA20-4D55-8FE3-AD86E1C3763C}"
EndProject
Global
	GlobalSection(SolutionConfigurationPlatforms) = preSolution
		Debug|Any CPU = Debug|Any CPU
		Release|Any CPU = Release|Any CPU
	EndGlobalSection
	GlobalSection(ProjectConfigurationPlatforms) = postSolution
		{1C9BA0E1-560C-4821-96EA-7D3895A2B178}.Debug|Any CPU.ActiveCfg = Debug|Any CPU
		{1C9BA0E1-560C-4821-96EA-7D3895A2B178}.Debug|Any CPU.Build.0 = Debug|Any CPU
		{1C9BA0E1-560C-4821-96EA-7D3895A2B178}.Release|Any CPU.ActiveCfg = Release|Any CPU
		{1C9BA0E1-560C-4821-96EA-7D3895A2B178}.Release|Any CPU.Build.0 = Release|Any CPU
		{EB79F903-DF87-47B0-AB45-EB1272F464B1}.Debug|Any CPU.ActiveCfg = Debug|Any CPU
		{EB79F903-DF87-47B0-AB45-EB1272F464B1}.Debug|Any CPU.Build.0 = Debug|Any CPU
		{EB79F903-DF87-47B0-AB45-EB1272F464B1}.Release|Any CPU.ActiveCfg = Release|Any CPU
		{EB79F903-DF87-47B0-AB45-EB1272F464B1}.Release|Any CPU.Build.0 = Release|Any CPU
		{5A8069EB-FA20-4D55-8FE3-AD86E1C3763C}.Debug|Any CPU.ActiveCfg = Debug|Any CPU
		{5A8069EB-FA20-4D55-8FE3-AD86E1C3763C}.Debug|Any CPU.Build.0 = Debug|Any CPU
		{5A8069EB-FA20-4D55-8FE3-AD86E1C3763C}.Release|Any CPU.ActiveCfg = Release|Any CPU
		{5A8069EB-FA20-4D55-8FE3-AD86E1C3763C}.Release|Any CPU.Build.0 = Release|Any CPU
	EndGlobalSection
	GlobalSection(SolutionProperties) = preSolution
		HideSolutionNode = FALSE
	EndGlobalSection
	GlobalSection(ExtensibilityGlobals) = postSolution
		SolutionGuid = {F6D83B10-D551-43F8-B4E0-EBD8490E5000}
	EndGlobalSection
EndGlobal
